// !$*UTF8*$!
{
	archiveVersion = 1;
	classes = {
	};
	objectVersion = 46;
	objects = {

/* Begin PBXBuildFile section */
		420813CB174A809C007FDC88 /* Cocoa.framework in Frameworks */ = {isa = PBXBuildFile; fileRef = 420813CA174A809C007FDC88 /* Cocoa.framework */; };
		420813CD174A809C007FDC88 /* MacRuby.framework in Frameworks */ = {isa = PBXBuildFile; fileRef = 420813CC174A809C007FDC88 /* MacRuby.framework */; };
		420813D6174A809C007FDC88 /* InfoPlist.strings in Resources */ = {isa = PBXBuildFile; fileRef = 420813D4174A809C007FDC88 /* InfoPlist.strings */; };
		420813D8174A809C007FDC88 /* main.m in Sources */ = {isa = PBXBuildFile; fileRef = 420813D7174A809C007FDC88 /* main.m */; };
		420813DD174A809C007FDC88 /* MainMenu.xib in Resources */ = {isa = PBXBuildFile; fileRef = 420813DB174A809C007FDC88 /* MainMenu.xib */; };
		420813E0174A809C007FDC88 /* rb_main.rb in Resources */ = {isa = PBXBuildFile; fileRef = 420813DF174A809C007FDC88 /* rb_main.rb */; };
		420813E2174A809C007FDC88 /* AppDelegate.rb in Resources */ = {isa = PBXBuildFile; fileRef = 420813E1174A809C007FDC88 /* AppDelegate.rb */; };
		421E8164174E4D5E006BC75F /* DropView.rb in Resources */ = {isa = PBXBuildFile; fileRef = 421E8163174E4D5E006BC75F /* DropView.rb */; };
		42B18EE7174FE18400AA78FF /* evernote.rb in Resources */ = {isa = PBXBuildFile; fileRef = 42B18EE6174FE18400AA78FF /* evernote.rb */; };
/* End PBXBuildFile section */

/* Begin PBXContainerItemProxy section */
		420813CF174A809C007FDC88 /* PBXContainerItemProxy */ = {
			isa = PBXContainerItemProxy;
			containerPortal = 420813BF174A809C007FDC88 /* Project object */;
			proxyType = 1;
			remoteGlobalIDString = 420813C6174A809C007FDC88;
			remoteInfo = EverPost;
		};
/* End PBXContainerItemProxy section */

/* Begin PBXFileReference section */
		420813C7174A809C007FDC88 /* EverPost.app */ = {isa = PBXFileReference; explicitFileType = wrapper.application; includeInIndex = 0; path = EverPost.app; sourceTree = BUILT_PRODUCTS_DIR; };
		420813CA174A809C007FDC88 /* Cocoa.framework */ = {isa = PBXFileReference; lastKnownFileType = wrapper.framework; name = Cocoa.framework; path = System/Library/Frameworks/Cocoa.framework; sourceTree = SDKROOT; };
		420813CC174A809C007FDC88 /* MacRuby.framework */ = {isa = PBXFileReference; lastKnownFileType = wrapper.framework; name = MacRuby.framework; path = Library/Frameworks/MacRuby.framework; sourceTree = DEVELOPER_DIR; };
		420813D3174A809C007FDC88 /* EverPost-Info.plist */ = {isa = PBXFileReference; lastKnownFileType = text.plist.xml; path = "EverPost-Info.plist"; sourceTree = "<group>"; };
		420813D5174A809C007FDC88 /* en */ = {isa = PBXFileReference; lastKnownFileType = text.plist.strings; name = en; path = en.lproj/InfoPlist.strings; sourceTree = "<group>"; };
		420813D7174A809C007FDC88 /* main.m */ = {isa = PBXFileReference; lastKnownFileType = sourcecode.c.objc; path = main.m; sourceTree = "<group>"; };
		420813D9174A809C007FDC88 /* EverPost-Prefix.pch */ = {isa = PBXFileReference; lastKnownFileType = sourcecode.c.h; path = "EverPost-Prefix.pch"; sourceTree = "<group>"; };
		420813DC174A809C007FDC88 /* en */ = {isa = PBXFileReference; lastKnownFileType = file.xib; name = en; path = en.lproj/MainMenu.xib; sourceTree = "<group>"; };
		420813DF174A809C007FDC88 /* rb_main.rb */ = {isa = PBXFileReference; lastKnownFileType = text.script.ruby; path = rb_main.rb; sourceTree = "<group>"; };
		420813E1174A809C007FDC88 /* AppDelegate.rb */ = {isa = PBXFileReference; lastKnownFileType = text.script.ruby; path = AppDelegate.rb; sourceTree = "<group>"; };
		421E8163174E4D5E006BC75F /* DropView.rb */ = {isa = PBXFileReference; fileEncoding = 4; lastKnownFileType = text.script.ruby; path = DropView.rb; sourceTree = "<group>"; };
		42B18EE6174FE18400AA78FF /* evernote.rb */ = {isa = PBXFileReference; fileEncoding = 4; lastKnownFileType = text.script.ruby; path = evernote.rb; sourceTree = "<group>"; };
/* End PBXFileReference section */

/* Begin PBXFrameworksBuildPhase section */
		420813C4174A809C007FDC88 /* Frameworks */ = {
			isa = PBXFrameworksBuildPhase;
			buildActionMask = 2147483647;
			files = (
				420813CB174A809C007FDC88 /* Cocoa.framework in Frameworks */,
				420813CD174A809C007FDC88 /* MacRuby.framework in Frameworks */,
			);
			runOnlyForDeploymentPostprocessing = 0;
		};
/* End PBXFrameworksBuildPhase section */

/* Begin PBXGroup section */
		420813BE174A809C007FDC88 = {
			isa = PBXGroup;
			children = (
				420813D1174A809C007FDC88 /* EverPost */,
				420813C9174A809C007FDC88 /* Frameworks */,
				420813C8174A809C007FDC88 /* Products */,
			);
			sourceTree = "<group>";
		};
		420813C8174A809C007FDC88 /* Products */ = {
			isa = PBXGroup;
			children = (
				420813C7174A809C007FDC88 /* EverPost.app */,
			);
			name = Products;
			sourceTree = "<group>";
		};
		420813C9174A809C007FDC88 /* Frameworks */ = {
			isa = PBXGroup;
			children = (
				420813CA174A809C007FDC88 /* Cocoa.framework */,
				420813CC174A809C007FDC88 /* MacRuby.framework */,
			);
			name = Frameworks;
			sourceTree = "<group>";
		};
		420813D1174A809C007FDC88 /* EverPost */ = {
			isa = PBXGroup;
			children = (
				420813E1174A809C007FDC88 /* AppDelegate.rb */,
				420813DA174A809C007FDC88 /* Resources */,
				420813DE174A809C007FDC88 /* Other Sources */,
				420813D2174A809C007FDC88 /* Supporting Files */,
				421E8163174E4D5E006BC75F /* DropView.rb */,
				42B18EE6174FE18400AA78FF /* evernote.rb */,
			);
			path = EverPost;
			sourceTree = "<group>";
		};
		420813D2174A809C007FDC88 /* Supporting Files */ = {
			isa = PBXGroup;
			children = (
				420813D3174A809C007FDC88 /* EverPost-Info.plist */,
				420813D4174A809C007FDC88 /* InfoPlist.strings */,
				420813D7174A809C007FDC88 /* main.m */,
				420813D9174A809C007FDC88 /* EverPost-Prefix.pch */,
			);
			name = "Supporting Files";
			sourceTree = "<group>";
		};
		420813DA174A809C007FDC88 /* Resources */ = {
			isa = PBXGroup;
			children = (
				420813DB174A809C007FDC88 /* MainMenu.xib */,
			);
			name = Resources;
			sourceTree = "<group>";
		};
		420813DE174A809C007FDC88 /* Other Sources */ = {
			isa = PBXGroup;
			children = (
				420813DF174A809C007FDC88 /* rb_main.rb */,
			);
			name = "Other Sources";
			sourceTree = "<group>";
		};
/* End PBXGroup section */

/* Begin PBXLegacyTarget section */
		420813CE174A809C007FDC88 /* Deployment */ = {
			isa = PBXLegacyTarget;
			buildArgumentsString = "--compile --embed --gem evernote_oauth  --gem oauth --gem evernote-thrift --gem mimemagic";
			buildConfigurationList = 420813E8174A809C007FDC88 /* Build configuration list for PBXLegacyTarget "Deployment" */;
			buildPhases = (
			);
			buildToolPath = /usr/local/bin/macruby_deploy;
			buildWorkingDirectory = "";
			dependencies = (
				420813D0174A809C007FDC88 /* PBXTargetDependency */,
			);
			name = Deployment;
			passBuildSettingsInEnvironment = 1;
			productName = Deployment;
		};
/* End PBXLegacyTarget section */

/* Begin PBXNativeTarget section */
		420813C6174A809C007FDC88 /* EverPost */ = {
			isa = PBXNativeTarget;
			buildConfigurationList = 420813E5174A809C007FDC88 /* Build configuration list for PBXNativeTarget "EverPost" */;
			buildPhases = (
				420813C3174A809C007FDC88 /* Sources */,
				420813C4174A809C007FDC88 /* Frameworks */,
				420813C5174A809C007FDC88 /* Resources */,
			);
			buildRules = (
			);
			dependencies = (
			);
			name = EverPost;
			productName = EverPost;
			productReference = 420813C7174A809C007FDC88 /* EverPost.app */;
			productType = "com.apple.product-type.application";
		};
/* End PBXNativeTarget section */

/* Begin PBXProject section */
		420813BF174A809C007FDC88 /* Project object */ = {
			isa = PBXProject;
			attributes = {
				LastUpgradeCheck = 0460;
				ORGANIZATIONNAME = com.katzlifehack;
			};
			buildConfigurationList = 420813C2174A809C007FDC88 /* Build configuration list for PBXProject "EverPost" */;
			compatibilityVersion = "Xcode 3.2";
			developmentRegion = English;
			hasScannedForEncodings = 0;
			knownRegions = (
				en,
			);
			mainGroup = 420813BE174A809C007FDC88;
			productRefGroup = 420813C8174A809C007FDC88 /* Products */;
			projectDirPath = "";
			projectRoot = "";
			targets = (
				420813C6174A809C007FDC88 /* EverPost */,
				420813CE174A809C007FDC88 /* Deployment */,
			);
		};
/* End PBXProject section */

/* Begin PBXResourcesBuildPhase section */
		420813C5174A809C007FDC88 /* Resources */ = {
			isa = PBXResourcesBuildPhase;
			buildActionMask = 2147483647;
			files = (
				420813D6174A809C007FDC88 /* InfoPlist.strings in Resources */,
				420813DD174A809C007FDC88 /* MainMenu.xib in Resources */,
				420813E0174A809C007FDC88 /* rb_main.rb in Resources */,
				420813E2174A809C007FDC88 /* AppDelegate.rb in Resources */,
				421E8164174E4D5E006BC75F /* DropView.rb in Resources */,
				42B18EE7174FE18400AA78FF /* evernote.rb in Resources */,
			);
			runOnlyForDeploymentPostprocessing = 0;
		};
/* End PBXResourcesBuildPhase section */

/* Begin PBXSourcesBuildPhase section */
		420813C3174A809C007FDC88 /* Sources */ = {
			isa = PBXSourcesBuildPhase;
			buildActionMask = 2147483647;
			files = (
				420813D8174A809C007FDC88 /* main.m in Sources */,
			);
			runOnlyForDeploymentPostprocessing = 0;
		};
/* End PBXSourcesBuildPhase section */

/* Begin PBXTargetDependency section */
		420813D0174A809C007FDC88 /* PBXTargetDependency */ = {
			isa = PBXTargetDependency;
			target = 420813C6174A809C007FDC88 /* EverPost */;
			targetProxy = 420813CF174A809C007FDC88 /* PBXContainerItemProxy */;
		};
/* End PBXTargetDependency section */

/* Begin PBXVariantGroup section */
		420813D4174A809C007FDC88 /* InfoPlist.strings */ = {
			isa = PBXVariantGroup;
			children = (
				420813D5174A809C007FDC88 /* en */,
			);
			name = InfoPlist.strings;
			sourceTree = "<group>";
		};
		420813DB174A809C007FDC88 /* MainMenu.xib */ = {
			isa = PBXVariantGroup;
			children = (
				420813DC174A809C007FDC88 /* en */,
			);
			name = MainMenu.xib;
			sourceTree = "<group>";
		};
/* End PBXVariantGroup section */

/* Begin XCBuildConfiguration section */
		420813E3174A809C007FDC88 /* Debug */ = {
			isa = XCBuildConfiguration;
			buildSettings = {
				ALWAYS_SEARCH_USER_PATHS = NO;
				ARCHS = "$(ARCHS_STANDARD_64_BIT)";
				CLANG_CXX_LANGUAGE_STANDARD = "gnu++0x";
				CLANG_CXX_LIBRARY = "libc++";
				CLANG_WARN_CONSTANT_CONVERSION = YES;
				CLANG_WARN_EMPTY_BODY = YES;
				CLANG_WARN_ENUM_CONVERSION = YES;
				CLANG_WARN_INT_CONVERSION = YES;
				CLANG_WARN__DUPLICATE_METHOD_MATCH = YES;
				COPY_PHASE_STRIP = NO;
				GCC_C_LANGUAGE_STANDARD = gnu99;
				GCC_DYNAMIC_NO_PIC = NO;
				GCC_ENABLE_OBJC_EXCEPTIONS = YES;
				GCC_OPTIMIZATION_LEVEL = 0;
				GCC_PREPROCESSOR_DEFINITIONS = (
					"DEBUG=1",
					"$(inherited)",
				);
				GCC_SYMBOLS_PRIVATE_EXTERN = NO;
				GCC_WARN_64_TO_32_BIT_CONVERSION = YES;
				GCC_WARN_ABOUT_RETURN_TYPE = YES;
				GCC_WARN_UNINITIALIZED_AUTOS = YES;
				GCC_WARN_UNUSED_VARIABLE = YES;
				MACOSX_DEPLOYMENT_TARGET = 10.8;
				ONLY_ACTIVE_ARCH = YES;
				SDKROOT = macosx;
			};
			name = Debug;
		};
		420813E4174A809C007FDC88 /* Release */ = {
			isa = XCBuildConfiguration;
			buildSettings = {
				ALWAYS_SEARCH_USER_PATHS = NO;
				ARCHS = "$(ARCHS_STANDARD_64_BIT)";
				CLANG_CXX_LANGUAGE_STANDARD = "gnu++0x";
				CLANG_CXX_LIBRARY = "libc++";
				CLANG_WARN_CONSTANT_CONVERSION = YES;
				CLANG_WARN_EMPTY_BODY = YES;
				CLANG_WARN_ENUM_CONVERSION = YES;
				CLANG_WARN_INT_CONVERSION = YES;
				CLANG_WARN__DUPLICATE_METHOD_MATCH = YES;
				COPY_PHASE_STRIP = YES;
				DEBUG_INFORMATION_FORMAT = "dwarf-with-dsym";
				GCC_C_LANGUAGE_STANDARD = gnu99;
				GCC_ENABLE_OBJC_EXCEPTIONS = YES;
				GCC_WARN_64_TO_32_BIT_CONVERSION = YES;
				GCC_WARN_ABOUT_RETURN_TYPE = YES;
				GCC_WARN_UNINITIALIZED_AUTOS = YES;
				GCC_WARN_UNUSED_VARIABLE = YES;
				MACOSX_DEPLOYMENT_TARGET = 10.8;
				SDKROOT = macosx;
			};
			name = Release;
		};
		420813E6174A809C007FDC88 /* Debug */ = {
			isa = XCBuildConfiguration;
			buildSettings = {
				ARCHS = x86_64;
				FRAMEWORK_SEARCH_PATHS = (
					"$(inherited)",
					"\"$(SYSTEM_APPS_DIR)/Xcode.app/Contents/Developer/Library/Frameworks\"",
					/Library/Frameworks,
				);
				GCC_ENABLE_OBJC_GC = required;
				GCC_PRECOMPILE_PREFIX_HEADER = YES;
				GCC_PREFIX_HEADER = "EverPost/EverPost-Prefix.pch";
				INFOPLIST_FILE = "EverPost/EverPost-Info.plist";
				PRODUCT_NAME = "$(TARGET_NAME)";
				WRAPPER_EXTENSION = app;
			};
			name = Debug;
		};
		420813E7174A809C007FDC88 /* Release */ = {
			isa = XCBuildConfiguration;
			buildSettings = {
				ARCHS = x86_64;
				FRAMEWORK_SEARCH_PATHS = (
					"$(inherited)",
					"\"$(SYSTEM_APPS_DIR)/Xcode.app/Contents/Developer/Library/Frameworks\"",
					/Library/Frameworks,
				);
				GCC_ENABLE_OBJC_GC = required;
				GCC_PRECOMPILE_PREFIX_HEADER = YES;
				GCC_PREFIX_HEADER = "EverPost/EverPost-Prefix.pch";
				INFOPLIST_FILE = "EverPost/EverPost-Info.plist";
				PRODUCT_NAME = "$(TARGET_NAME)";
				WRAPPER_EXTENSION = app;
			};
			name = Release;
		};
		420813E9174A809C007FDC88 /* Debug */ = {
			isa = XCBuildConfiguration;
			buildSettings = {
			};
			name = Debug;
		};
		420813EA174A809C007FDC88 /* Release */ = {
			isa = XCBuildConfiguration;
			buildSettings = {
			};
			name = Release;
		};
/* End XCBuildConfiguration section */

/* Begin XCConfigurationList section */
		420813C2174A809C007FDC88 /* Build configuration list for PBXProject "EverPost" */ = {
			isa = XCConfigurationList;
			buildConfigurations = (
				420813E3174A809C007FDC88 /* Debug */,
				420813E4174A809C007FDC88 /* Release */,
			);
			defaultConfigurationIsVisible = 0;
			defaultConfigurationName = Release;
		};
		420813E5174A809C007FDC88 /* Build configuration list for PBXNativeTarget "EverPost" */ = {
			isa = XCConfigurationList;
			buildConfigurations = (
				420813E6174A809C007FDC88 /* Debug */,
				420813E7174A809C007FDC88 /* Release */,
			);
			defaultConfigurationIsVisible = 0;
			defaultConfigurationName = Release;
		};
		420813E8174A809C007FDC88 /* Build configuration list for PBXLegacyTarget "Deployment" */ = {
			isa = XCConfigurationList;
			buildConfigurations = (
				420813E9174A809C007FDC88 /* Debug */,
				420813EA174A809C007FDC88 /* Release */,
			);
			defaultConfigurationIsVisible = 0;
			defaultConfigurationName = Release;
		};
/* End XCConfigurationList section */
	};
	rootObject = 420813BF174A809C007FDC88 /* Project object */;
}
