// !$*UTF8*$!
{
	archiveVersion = 1;
	classes = {
	};
	objectVersion = 46;
	objects = {

/* Begin PBXBuildFile section */
		42C033791830701F001F08A3 /* Cocoa.framework in Frameworks */ = {isa = PBXBuildFile; fileRef = 42C033781830701F001F08A3 /* Cocoa.framework */; };
		42C033831830701F001F08A3 /* InfoPlist.strings in Resources */ = {isa = PBXBuildFile; fileRef = 42C033811830701F001F08A3 /* InfoPlist.strings */; };
		42C033851830701F001F08A3 /* main.m in Sources */ = {isa = PBXBuildFile; fileRef = 42C033841830701F001F08A3 /* main.m */; };
		42C033891830701F001F08A3 /* Credits.rtf in Resources */ = {isa = PBXBuildFile; fileRef = 42C033871830701F001F08A3 /* Credits.rtf */; };
		42C0338C1830701F001F08A3 /* AppDelegate.m in Sources */ = {isa = PBXBuildFile; fileRef = 42C0338B1830701F001F08A3 /* AppDelegate.m */; };
		42C0338F1830701F001F08A3 /* MainMenu.xib in Resources */ = {isa = PBXBuildFile; fileRef = 42C0338D1830701F001F08A3 /* MainMenu.xib */; };
		42C033921830701F001F08A3 /* CommandTest.xcdatamodeld in Sources */ = {isa = PBXBuildFile; fileRef = 42C033901830701F001F08A3 /* CommandTest.xcdatamodeld */; };
		42C033941830701F001F08A3 /* Images.xcassets in Resources */ = {isa = PBXBuildFile; fileRef = 42C033931830701F001F08A3 /* Images.xcassets */; };
		42C0339B1830701F001F08A3 /* XCTest.framework in Frameworks */ = {isa = PBXBuildFile; fileRef = 42C0339A1830701F001F08A3 /* XCTest.framework */; };
		42C0339C1830701F001F08A3 /* Cocoa.framework in Frameworks */ = {isa = PBXBuildFile; fileRef = 42C033781830701F001F08A3 /* Cocoa.framework */; };
		42C033A418307020001F08A3 /* InfoPlist.strings in Resources */ = {isa = PBXBuildFile; fileRef = 42C033A218307020001F08A3 /* InfoPlist.strings */; };
		42C033A618307020001F08A3 /* CommandTestTests.m in Sources */ = {isa = PBXBuildFile; fileRef = 42C033A518307020001F08A3 /* CommandTestTests.m */; };
/* End PBXBuildFile section */

/* Begin PBXContainerItemProxy section */
		42C0339D1830701F001F08A3 /* PBXContainerItemProxy */ = {
			isa = PBXContainerItemProxy;
			containerPortal = 42C0336D1830701F001F08A3 /* Project object */;
			proxyType = 1;
			remoteGlobalIDString = 42C033741830701F001F08A3;
			remoteInfo = CommandTest;
		};
/* End PBXContainerItemProxy section */

/* Begin PBXFileReference section */
		42C033751830701F001F08A3 /* CommandTest.app */ = {isa = PBXFileReference; explicitFileType = wrapper.application; includeInIndex = 0; path = CommandTest.app; sourceTree = BUILT_PRODUCTS_DIR; };
		42C033781830701F001F08A3 /* Cocoa.framework */ = {isa = PBXFileReference; lastKnownFileType = wrapper.framework; name = Cocoa.framework; path = System/Library/Frameworks/Cocoa.framework; sourceTree = SDKROOT; };
		42C0337B1830701F001F08A3 /* AppKit.framework */ = {isa = PBXFileReference; lastKnownFileType = wrapper.framework; name = AppKit.framework; path = System/Library/Frameworks/AppKit.framework; sourceTree = SDKROOT; };
		42C0337C1830701F001F08A3 /* CoreData.framework */ = {isa = PBXFileReference; lastKnownFileType = wrapper.framework; name = CoreData.framework; path = System/Library/Frameworks/CoreData.framework; sourceTree = SDKROOT; };
		42C0337D1830701F001F08A3 /* Foundation.framework */ = {isa = PBXFileReference; lastKnownFileType = wrapper.framework; name = Foundation.framework; path = System/Library/Frameworks/Foundation.framework; sourceTree = SDKROOT; };
		42C033801830701F001F08A3 /* CommandTest-Info.plist */ = {isa = PBXFileReference; lastKnownFileType = text.plist.xml; path = "CommandTest-Info.plist"; sourceTree = "<group>"; };
		42C033821830701F001F08A3 /* en */ = {isa = PBXFileReference; lastKnownFileType = text.plist.strings; name = en; path = en.lproj/InfoPlist.strings; sourceTree = "<group>"; };
		42C033841830701F001F08A3 /* main.m */ = {isa = PBXFileReference; lastKnownFileType = sourcecode.c.objc; path = main.m; sourceTree = "<group>"; };
		42C033861830701F001F08A3 /* CommandTest-Prefix.pch */ = {isa = PBXFileReference; lastKnownFileType = sourcecode.c.h; path = "CommandTest-Prefix.pch"; sourceTree = "<group>"; };
		42C033881830701F001F08A3 /* en */ = {isa = PBXFileReference; lastKnownFileType = text.rtf; name = en; path = en.lproj/Credits.rtf; sourceTree = "<group>"; };
		42C0338A1830701F001F08A3 /* AppDelegate.h */ = {isa = PBXFileReference; lastKnownFileType = sourcecode.c.h; path = AppDelegate.h; sourceTree = "<group>"; };
		42C0338B1830701F001F08A3 /* AppDelegate.m */ = {isa = PBXFileReference; lastKnownFileType = sourcecode.c.objc; path = AppDelegate.m; sourceTree = "<group>"; };
		42C0338E1830701F001F08A3 /* Base */ = {isa = PBXFileReference; lastKnownFileType = file.xib; name = Base; path = Base.lproj/MainMenu.xib; sourceTree = "<group>"; };
		42C033911830701F001F08A3 /* CommandTest.xcdatamodel */ = {isa = PBXFileReference; lastKnownFileType = wrapper.xcdatamodel; path = CommandTest.xcdatamodel; sourceTree = "<group>"; };
		42C033931830701F001F08A3 /* Images.xcassets */ = {isa = PBXFileReference; lastKnownFileType = folder.assetcatalog; path = Images.xcassets; sourceTree = "<group>"; };
		42C033991830701F001F08A3 /* CommandTestTests.xctest */ = {isa = PBXFileReference; explicitFileType = wrapper.cfbundle; includeInIndex = 0; path = CommandTestTests.xctest; sourceTree = BUILT_PRODUCTS_DIR; };
		42C0339A1830701F001F08A3 /* XCTest.framework */ = {isa = PBXFileReference; lastKnownFileType = wrapper.framework; name = XCTest.framework; path = Library/Frameworks/XCTest.framework; sourceTree = DEVELOPER_DIR; };
		42C033A11830701F001F08A3 /* CommandTestTests-Info.plist */ = {isa = PBXFileReference; lastKnownFileType = text.plist.xml; path = "CommandTestTests-Info.plist"; sourceTree = "<group>"; };
		42C033A318307020001F08A3 /* en */ = {isa = PBXFileReference; lastKnownFileType = text.plist.strings; name = en; path = en.lproj/InfoPlist.strings; sourceTree = "<group>"; };
		42C033A518307020001F08A3 /* CommandTestTests.m */ = {isa = PBXFileReference; lastKnownFileType = sourcecode.c.objc; path = CommandTestTests.m; sourceTree = "<group>"; };
/* End PBXFileReference section */

/* Begin PBXFrameworksBuildPhase section */
		42C033721830701F001F08A3 /* Frameworks */ = {
			isa = PBXFrameworksBuildPhase;
			buildActionMask = 2147483647;
			files = (
				42C033791830701F001F08A3 /* Cocoa.framework in Frameworks */,
			);
			runOnlyForDeploymentPostprocessing = 0;
		};
		42C033961830701F001F08A3 /* Frameworks */ = {
			isa = PBXFrameworksBuildPhase;
			buildActionMask = 2147483647;
			files = (
				42C0339C1830701F001F08A3 /* Cocoa.framework in Frameworks */,
				42C0339B1830701F001F08A3 /* XCTest.framework in Frameworks */,
			);
			runOnlyForDeploymentPostprocessing = 0;
		};
/* End PBXFrameworksBuildPhase section */

/* Begin PBXGroup section */
		42C0336C1830701F001F08A3 = {
			isa = PBXGroup;
			children = (
				42C0337E1830701F001F08A3 /* CommandTest */,
				42C0339F1830701F001F08A3 /* CommandTestTests */,
				42C033771830701F001F08A3 /* Frameworks */,
				42C033761830701F001F08A3 /* Products */,
			);
			sourceTree = "<group>";
		};
		42C033761830701F001F08A3 /* Products */ = {
			isa = PBXGroup;
			children = (
				42C033751830701F001F08A3 /* CommandTest.app */,
				42C033991830701F001F08A3 /* CommandTestTests.xctest */,
			);
			name = Products;
			sourceTree = "<group>";
		};
		42C033771830701F001F08A3 /* Frameworks */ = {
			isa = PBXGroup;
			children = (
				42C033781830701F001F08A3 /* Cocoa.framework */,
				42C0339A1830701F001F08A3 /* XCTest.framework */,
				42C0337A1830701F001F08A3 /* Other Frameworks */,
			);
			name = Frameworks;
			sourceTree = "<group>";
		};
		42C0337A1830701F001F08A3 /* Other Frameworks */ = {
			isa = PBXGroup;
			children = (
				42C0337B1830701F001F08A3 /* AppKit.framework */,
				42C0337C1830701F001F08A3 /* CoreData.framework */,
				42C0337D1830701F001F08A3 /* Foundation.framework */,
			);
			name = "Other Frameworks";
			sourceTree = "<group>";
		};
		42C0337E1830701F001F08A3 /* CommandTest */ = {
			isa = PBXGroup;
			children = (
				42C0338A1830701F001F08A3 /* AppDelegate.h */,
				42C0338B1830701F001F08A3 /* AppDelegate.m */,
				42C0338D1830701F001F08A3 /* MainMenu.xib */,
				42C033931830701F001F08A3 /* Images.xcassets */,
				42C033901830701F001F08A3 /* CommandTest.xcdatamodeld */,
				42C0337F1830701F001F08A3 /* Supporting Files */,
			);
			path = CommandTest;
			sourceTree = "<group>";
		};
		42C0337F1830701F001F08A3 /* Supporting Files */ = {
			isa = PBXGroup;
			children = (
				42C033801830701F001F08A3 /* CommandTest-Info.plist */,
				42C033811830701F001F08A3 /* InfoPlist.strings */,
				42C033841830701F001F08A3 /* main.m */,
				42C033861830701F001F08A3 /* CommandTest-Prefix.pch */,
				42C033871830701F001F08A3 /* Credits.rtf */,
			);
			name = "Supporting Files";
			sourceTree = "<group>";
		};
		42C0339F1830701F001F08A3 /* CommandTestTests */ = {
			isa = PBXGroup;
			children = (
				42C033A518307020001F08A3 /* CommandTestTests.m */,
				42C033A01830701F001F08A3 /* Supporting Files */,
			);
			path = CommandTestTests;
			sourceTree = "<group>";
		};
		42C033A01830701F001F08A3 /* Supporting Files */ = {
			isa = PBXGroup;
			children = (
				42C033A11830701F001F08A3 /* CommandTestTests-Info.plist */,
				42C033A218307020001F08A3 /* InfoPlist.strings */,
			);
			name = "Supporting Files";
			sourceTree = "<group>";
		};
/* End PBXGroup section */

/* Begin PBXNativeTarget section */
		42C033741830701F001F08A3 /* CommandTest */ = {
			isa = PBXNativeTarget;
			buildConfigurationList = 42C033A918307020001F08A3 /* Build configuration list for PBXNativeTarget "CommandTest" */;
			buildPhases = (
				42C033711830701F001F08A3 /* Sources */,
				42C033721830701F001F08A3 /* Frameworks */,
				42C033731830701F001F08A3 /* Resources */,
			);
			buildRules = (
			);
			dependencies = (
			);
			name = CommandTest;
			productName = CommandTest;
			productReference = 42C033751830701F001F08A3 /* CommandTest.app */;
			productType = "com.apple.product-type.application";
		};
		42C033981830701F001F08A3 /* CommandTestTests */ = {
			isa = PBXNativeTarget;
			buildConfigurationList = 42C033AC18307020001F08A3 /* Build configuration list for PBXNativeTarget "CommandTestTests" */;
			buildPhases = (
				42C033951830701F001F08A3 /* Sources */,
				42C033961830701F001F08A3 /* Frameworks */,
				42C033971830701F001F08A3 /* Resources */,
			);
			buildRules = (
			);
			dependencies = (
				42C0339E1830701F001F08A3 /* PBXTargetDependency */,
			);
			name = CommandTestTests;
			productName = CommandTestTests;
			productReference = 42C033991830701F001F08A3 /* CommandTestTests.xctest */;
			productType = "com.apple.product-type.bundle.unit-test";
		};
/* End PBXNativeTarget section */

/* Begin PBXProject section */
		42C0336D1830701F001F08A3 /* Project object */ = {
			isa = PBXProject;
			attributes = {
				LastUpgradeCheck = 0500;
				ORGANIZATIONNAME = AirMyac;
				TargetAttributes = {
					42C033981830701F001F08A3 = {
						TestTargetID = 42C033741830701F001F08A3;
					};
				};
			};
			buildConfigurationList = 42C033701830701F001F08A3 /* Build configuration list for PBXProject "CommandTest" */;
			compatibilityVersion = "Xcode 3.2";
			developmentRegion = English;
			hasScannedForEncodings = 0;
			knownRegions = (
				en,
				Base,
			);
			mainGroup = 42C0336C1830701F001F08A3;
			productRefGroup = 42C033761830701F001F08A3 /* Products */;
			projectDirPath = "";
			projectRoot = "";
			targets = (
				42C033741830701F001F08A3 /* CommandTest */,
				42C033981830701F001F08A3 /* CommandTestTests */,
			);
		};
/* End PBXProject section */

/* Begin PBXResourcesBuildPhase section */
		42C033731830701F001F08A3 /* Resources */ = {
			isa = PBXResourcesBuildPhase;
			buildActionMask = 2147483647;
			files = (
				42C033831830701F001F08A3 /* InfoPlist.strings in Resources */,
				42C033941830701F001F08A3 /* Images.xcassets in Resources */,
				42C033891830701F001F08A3 /* Credits.rtf in Resources */,
				42C0338F1830701F001F08A3 /* MainMenu.xib in Resources */,
			);
			runOnlyForDeploymentPostprocessing = 0;
		};
		42C033971830701F001F08A3 /* Resources */ = {
			isa = PBXResourcesBuildPhase;
			buildActionMask = 2147483647;
			files = (
				42C033A418307020001F08A3 /* InfoPlist.strings in Resources */,
			);
			runOnlyForDeploymentPostprocessing = 0;
		};
/* End PBXResourcesBuildPhase section */

/* Begin PBXSourcesBuildPhase section */
		42C033711830701F001F08A3 /* Sources */ = {
			isa = PBXSourcesBuildPhase;
			buildActionMask = 2147483647;
			files = (
				42C0338C1830701F001F08A3 /* AppDelegate.m in Sources */,
				42C033921830701F001F08A3 /* CommandTest.xcdatamodeld in Sources */,
				42C033851830701F001F08A3 /* main.m in Sources */,
			);
			runOnlyForDeploymentPostprocessing = 0;
		};
		42C033951830701F001F08A3 /* Sources */ = {
			isa = PBXSourcesBuildPhase;
			buildActionMask = 2147483647;
			files = (
				42C033A618307020001F08A3 /* CommandTestTests.m in Sources */,
			);
			runOnlyForDeploymentPostprocessing = 0;
		};
/* End PBXSourcesBuildPhase section */

/* Begin PBXTargetDependency section */
		42C0339E1830701F001F08A3 /* PBXTargetDependency */ = {
			isa = PBXTargetDependency;
			target = 42C033741830701F001F08A3 /* CommandTest */;
			targetProxy = 42C0339D1830701F001F08A3 /* PBXContainerItemProxy */;
		};
/* End PBXTargetDependency section */

/* Begin PBXVariantGroup section */
		42C033811830701F001F08A3 /* InfoPlist.strings */ = {
			isa = PBXVariantGroup;
			children = (
				42C033821830701F001F08A3 /* en */,
			);
			name = InfoPlist.strings;
			sourceTree = "<group>";
		};
		42C033871830701F001F08A3 /* Credits.rtf */ = {
			isa = PBXVariantGroup;
			children = (
				42C033881830701F001F08A3 /* en */,
			);
			name = Credits.rtf;
			sourceTree = "<group>";
		};
		42C0338D1830701F001F08A3 /* MainMenu.xib */ = {
			isa = PBXVariantGroup;
			children = (
				42C0338E1830701F001F08A3 /* Base */,
			);
			name = MainMenu.xib;
			sourceTree = "<group>";
		};
		42C033A218307020001F08A3 /* InfoPlist.strings */ = {
			isa = PBXVariantGroup;
			children = (
				42C033A318307020001F08A3 /* en */,
			);
			name = InfoPlist.strings;
			sourceTree = "<group>";
		};
/* End PBXVariantGroup section */

/* Begin XCBuildConfiguration section */
		42C033A718307020001F08A3 /* Debug */ = {
			isa = XCBuildConfiguration;
			buildSettings = {
				ALWAYS_SEARCH_USER_PATHS = NO;
				CLANG_CXX_LANGUAGE_STANDARD = "gnu++0x";
				CLANG_CXX_LIBRARY = "libc++";
				CLANG_ENABLE_OBJC_ARC = YES;
				CLANG_WARN_BOOL_CONVERSION = YES;
				CLANG_WARN_CONSTANT_CONVERSION = YES;
				CLANG_WARN_DIRECT_OBJC_ISA_USAGE = YES_ERROR;
				CLANG_WARN_EMPTY_BODY = YES;
				CLANG_WARN_ENUM_CONVERSION = YES;
				CLANG_WARN_INT_CONVERSION = YES;
				CLANG_WARN_OBJC_ROOT_CLASS = YES_ERROR;
				CLANG_WARN__DUPLICATE_METHOD_MATCH = YES;
				COPY_PHASE_STRIP = NO;
				GCC_C_LANGUAGE_STANDARD = gnu99;
				GCC_DYNAMIC_NO_PIC = NO;
				GCC_ENABLE_OBJC_EXCEPTIONS = YES;
				GCC_OPTIMIZATION_LEVEL = 0;
				GCC_PREPROCESSOR_DEFINITIONS = (
					"DEBUG=1",
					"$(inherited)",
				);
				GCC_SYMBOLS_PRIVATE_EXTERN = NO;
				GCC_WARN_64_TO_32_BIT_CONVERSION = YES;
				GCC_WARN_ABOUT_RETURN_TYPE = YES_ERROR;
				GCC_WARN_UNDECLARED_SELECTOR = YES;
				GCC_WARN_UNINITIALIZED_AUTOS = YES;
				GCC_WARN_UNUSED_FUNCTION = YES;
				GCC_WARN_UNUSED_VARIABLE = YES;
				MACOSX_DEPLOYMENT_TARGET = 10.8;
				ONLY_ACTIVE_ARCH = YES;
				SDKROOT = macosx;
			};
			name = Debug;
		};
		42C033A818307020001F08A3 /* Release */ = {
			isa = XCBuildConfiguration;
			buildSettings = {
				ALWAYS_SEARCH_USER_PATHS = NO;
				CLANG_CXX_LANGUAGE_STANDARD = "gnu++0x";
				CLANG_CXX_LIBRARY = "libc++";
				CLANG_ENABLE_OBJC_ARC = YES;
				CLANG_WARN_BOOL_CONVERSION = YES;
				CLANG_WARN_CONSTANT_CONVERSION = YES;
				CLANG_WARN_DIRECT_OBJC_ISA_USAGE = YES_ERROR;
				CLANG_WARN_EMPTY_BODY = YES;
				CLANG_WARN_ENUM_CONVERSION = YES;
				CLANG_WARN_INT_CONVERSION = YES;
				CLANG_WARN_OBJC_ROOT_CLASS = YES_ERROR;
				CLANG_WARN__DUPLICATE_METHOD_MATCH = YES;
				COPY_PHASE_STRIP = YES;
				DEBUG_INFORMATION_FORMAT = "dwarf-with-dsym";
				ENABLE_NS_ASSERTIONS = NO;
				GCC_C_LANGUAGE_STANDARD = gnu99;
				GCC_ENABLE_OBJC_EXCEPTIONS = YES;
				GCC_WARN_64_TO_32_BIT_CONVERSION = YES;
				GCC_WARN_ABOUT_RETURN_TYPE = YES_ERROR;
				GCC_WARN_UNDECLARED_SELECTOR = YES;
				GCC_WARN_UNINITIALIZED_AUTOS = YES;
				GCC_WARN_UNUSED_FUNCTION = YES;
				GCC_WARN_UNUSED_VARIABLE = YES;
				MACOSX_DEPLOYMENT_TARGET = 10.8;
				SDKROOT = macosx;
			};
			name = Release;
		};
		42C033AA18307020001F08A3 /* Debug */ = {
			isa = XCBuildConfiguration;
			buildSettings = {
				ASSETCATALOG_COMPILER_APPICON_NAME = AppIcon;
				COMBINE_HIDPI_IMAGES = YES;
				GCC_PRECOMPILE_PREFIX_HEADER = YES;
				GCC_PREFIX_HEADER = "CommandTest/CommandTest-Prefix.pch";
				INFOPLIST_FILE = "CommandTest/CommandTest-Info.plist";
				PRODUCT_NAME = "$(TARGET_NAME)";
				WRAPPER_EXTENSION = app;
			};
			name = Debug;
		};
		42C033AB18307020001F08A3 /* Release */ = {
			isa = XCBuildConfiguration;
			buildSettings = {
				ASSETCATALOG_COMPILER_APPICON_NAME = AppIcon;
				COMBINE_HIDPI_IMAGES = YES;
				GCC_PRECOMPILE_PREFIX_HEADER = YES;
				GCC_PREFIX_HEADER = "CommandTest/CommandTest-Prefix.pch";
				INFOPLIST_FILE = "CommandTest/CommandTest-Info.plist";
				PRODUCT_NAME = "$(TARGET_NAME)";
				WRAPPER_EXTENSION = app;
			};
			name = Release;
		};
		42C033AD18307020001F08A3 /* Debug */ = {
			isa = XCBuildConfiguration;
			buildSettings = {
				BUNDLE_LOADER = "$(BUILT_PRODUCTS_DIR)/CommandTest.app/Contents/MacOS/CommandTest";
				COMBINE_HIDPI_IMAGES = YES;
				FRAMEWORK_SEARCH_PATHS = (
					"$(DEVELOPER_FRAMEWORKS_DIR)",
					"$(inherited)",
				);
				GCC_PRECOMPILE_PREFIX_HEADER = YES;
				GCC_PREFIX_HEADER = "CommandTest/CommandTest-Prefix.pch";
				GCC_PREPROCESSOR_DEFINITIONS = (
					"DEBUG=1",
					"$(inherited)",
				);
				INFOPLIST_FILE = "CommandTestTests/CommandTestTests-Info.plist";
				PRODUCT_NAME = "$(TARGET_NAME)";
				TEST_HOST = "$(BUNDLE_LOADER)";
				WRAPPER_EXTENSION = xctest;
			};
			name = Debug;
		};
		42C033AE18307020001F08A3 /* Release */ = {
			isa = XCBuildConfiguration;
			buildSettings = {
				BUNDLE_LOADER = "$(BUILT_PRODUCTS_DIR)/CommandTest.app/Contents/MacOS/CommandTest";
				COMBINE_HIDPI_IMAGES = YES;
				FRAMEWORK_SEARCH_PATHS = (
					"$(DEVELOPER_FRAMEWORKS_DIR)",
					"$(inherited)",
				);
				GCC_PRECOMPILE_PREFIX_HEADER = YES;
				GCC_PREFIX_HEADER = "CommandTest/CommandTest-Prefix.pch";
				INFOPLIST_FILE = "CommandTestTests/CommandTestTests-Info.plist";
				PRODUCT_NAME = "$(TARGET_NAME)";
				TEST_HOST = "$(BUNDLE_LOADER)";
				WRAPPER_EXTENSION = xctest;
			};
			name = Release;
		};
/* End XCBuildConfiguration section */

/* Begin XCConfigurationList section */
		42C033701830701F001F08A3 /* Build configuration list for PBXProject "CommandTest" */ = {
			isa = XCConfigurationList;
			buildConfigurations = (
				42C033A718307020001F08A3 /* Debug */,
				42C033A818307020001F08A3 /* Release */,
			);
			defaultConfigurationIsVisible = 0;
			defaultConfigurationName = Release;
		};
		42C033A918307020001F08A3 /* Build configuration list for PBXNativeTarget "CommandTest" */ = {
			isa = XCConfigurationList;
			buildConfigurations = (
				42C033AA18307020001F08A3 /* Debug */,
				42C033AB18307020001F08A3 /* Release */,
			);
			defaultConfigurationIsVisible = 0;
		};
		42C033AC18307020001F08A3 /* Build configuration list for PBXNativeTarget "CommandTestTests" */ = {
			isa = XCConfigurationList;
			buildConfigurations = (
				42C033AD18307020001F08A3 /* Debug */,
				42C033AE18307020001F08A3 /* Release */,
			);
			defaultConfigurationIsVisible = 0;
		};
/* End XCConfigurationList section */

/* Begin XCVersionGroup section */
		42C033901830701F001F08A3 /* CommandTest.xcdatamodeld */ = {
			isa = XCVersionGroup;
			children = (
				42C033911830701F001F08A3 /* CommandTest.xcdatamodel */,
			);
			currentVersion = 42C033911830701F001F08A3 /* CommandTest.xcdatamodel */;
			path = CommandTest.xcdatamodeld;
			sourceTree = "<group>";
			versionGroupType = wrapper.xcdatamodel;
		};
/* End XCVersionGroup section */
	};
	rootObject = 42C0336D1830701F001F08A3 /* Project object */;
}
