// !$*UTF8*$!
{
	archiveVersion = 1;
	classes = {
	};
	objectVersion = 46;
	objects = {

/* Begin PBXBuildFile section */
		42B5D24F175C5E460054ED41 /* UIKit.framework in Frameworks */ = {isa = PBXBuildFile; fileRef = 42B5D24E175C5E460054ED41 /* UIKit.framework */; };
		42B5D251175C5E460054ED41 /* Foundation.framework in Frameworks */ = {isa = PBXBuildFile; fileRef = 42B5D250175C5E460054ED41 /* Foundation.framework */; };
		42B5D253175C5E460054ED41 /* CoreGraphics.framework in Frameworks */ = {isa = PBXBuildFile; fileRef = 42B5D252175C5E460054ED41 /* CoreGraphics.framework */; };
		42B5D255175C5E460054ED41 /* CoreData.framework in Frameworks */ = {isa = PBXBuildFile; fileRef = 42B5D254175C5E460054ED41 /* CoreData.framework */; };
		42B5D25B175C5E460054ED41 /* InfoPlist.strings in Resources */ = {isa = PBXBuildFile; fileRef = 42B5D259175C5E460054ED41 /* InfoPlist.strings */; };
		42B5D25D175C5E460054ED41 /* main.m in Sources */ = {isa = PBXBuildFile; fileRef = 42B5D25C175C5E460054ED41 /* main.m */; };
		42B5D261175C5E460054ED41 /* AppDelegate.m in Sources */ = {isa = PBXBuildFile; fileRef = 42B5D260175C5E460054ED41 /* AppDelegate.m */; };
		42B5D263175C5E460054ED41 /* Default.png in Resources */ = {isa = PBXBuildFile; fileRef = 42B5D262175C5E460054ED41 /* Default.png */; };
		42B5D265175C5E460054ED41 /* Default@2x.png in Resources */ = {isa = PBXBuildFile; fileRef = 42B5D264175C5E460054ED41 /* Default@2x.png */; };
		42B5D267175C5E460054ED41 /* Default-568h@2x.png in Resources */ = {isa = PBXBuildFile; fileRef = 42B5D266175C5E460054ED41 /* Default-568h@2x.png */; };
		42B5D26A175C5E460054ED41 /* MainStoryboard_iPhone.storyboard in Resources */ = {isa = PBXBuildFile; fileRef = 42B5D268175C5E460054ED41 /* MainStoryboard_iPhone.storyboard */; };
		42B5D26D175C5E460054ED41 /* MainStoryboard_iPad.storyboard in Resources */ = {isa = PBXBuildFile; fileRef = 42B5D26B175C5E460054ED41 /* MainStoryboard_iPad.storyboard */; };
		42B5D270175C5E460054ED41 /* CoreDataTest2.xcdatamodeld in Sources */ = {isa = PBXBuildFile; fileRef = 42B5D26E175C5E460054ED41 /* CoreDataTest2.xcdatamodeld */; };
		42B5D273175C5E460054ED41 /* MasterViewController.m in Sources */ = {isa = PBXBuildFile; fileRef = 42B5D272175C5E460054ED41 /* MasterViewController.m */; };
		42B5D276175C5E460054ED41 /* DetailViewController.m in Sources */ = {isa = PBXBuildFile; fileRef = 42B5D275175C5E460054ED41 /* DetailViewController.m */; };
/* End PBXBuildFile section */

/* Begin PBXFileReference section */
		42B5D24B175C5E460054ED41 /* CoreDataTest2.app */ = {isa = PBXFileReference; explicitFileType = wrapper.application; includeInIndex = 0; path = CoreDataTest2.app; sourceTree = BUILT_PRODUCTS_DIR; };
		42B5D24E175C5E460054ED41 /* UIKit.framework */ = {isa = PBXFileReference; lastKnownFileType = wrapper.framework; name = UIKit.framework; path = System/Library/Frameworks/UIKit.framework; sourceTree = SDKROOT; };
		42B5D250175C5E460054ED41 /* Foundation.framework */ = {isa = PBXFileReference; lastKnownFileType = wrapper.framework; name = Foundation.framework; path = System/Library/Frameworks/Foundation.framework; sourceTree = SDKROOT; };
		42B5D252175C5E460054ED41 /* CoreGraphics.framework */ = {isa = PBXFileReference; lastKnownFileType = wrapper.framework; name = CoreGraphics.framework; path = System/Library/Frameworks/CoreGraphics.framework; sourceTree = SDKROOT; };
		42B5D254175C5E460054ED41 /* CoreData.framework */ = {isa = PBXFileReference; lastKnownFileType = wrapper.framework; name = CoreData.framework; path = System/Library/Frameworks/CoreData.framework; sourceTree = SDKROOT; };
		42B5D258175C5E460054ED41 /* CoreDataTest2-Info.plist */ = {isa = PBXFileReference; lastKnownFileType = text.plist.xml; path = "CoreDataTest2-Info.plist"; sourceTree = "<group>"; };
		42B5D25A175C5E460054ED41 /* en */ = {isa = PBXFileReference; lastKnownFileType = text.plist.strings; name = en; path = en.lproj/InfoPlist.strings; sourceTree = "<group>"; };
		42B5D25C175C5E460054ED41 /* main.m */ = {isa = PBXFileReference; lastKnownFileType = sourcecode.c.objc; path = main.m; sourceTree = "<group>"; };
		42B5D25E175C5E460054ED41 /* CoreDataTest2-Prefix.pch */ = {isa = PBXFileReference; lastKnownFileType = sourcecode.c.h; path = "CoreDataTest2-Prefix.pch"; sourceTree = "<group>"; };
		42B5D25F175C5E460054ED41 /* AppDelegate.h */ = {isa = PBXFileReference; lastKnownFileType = sourcecode.c.h; path = AppDelegate.h; sourceTree = "<group>"; };
		42B5D260175C5E460054ED41 /* AppDelegate.m */ = {isa = PBXFileReference; lastKnownFileType = sourcecode.c.objc; path = AppDelegate.m; sourceTree = "<group>"; };
		42B5D262175C5E460054ED41 /* Default.png */ = {isa = PBXFileReference; lastKnownFileType = image.png; path = Default.png; sourceTree = "<group>"; };
		42B5D264175C5E460054ED41 /* Default@2x.png */ = {isa = PBXFileReference; lastKnownFileType = image.png; path = "Default@2x.png"; sourceTree = "<group>"; };
		42B5D266175C5E460054ED41 /* Default-568h@2x.png */ = {isa = PBXFileReference; lastKnownFileType = image.png; path = "Default-568h@2x.png"; sourceTree = "<group>"; };
		42B5D269175C5E460054ED41 /* en */ = {isa = PBXFileReference; lastKnownFileType = file.storyboard; name = en; path = en.lproj/MainStoryboard_iPhone.storyboard; sourceTree = "<group>"; };
		42B5D26C175C5E460054ED41 /* en */ = {isa = PBXFileReference; lastKnownFileType = file.storyboard; name = en; path = en.lproj/MainStoryboard_iPad.storyboard; sourceTree = "<group>"; };
		42B5D26F175C5E460054ED41 /* CoreDataTest2.xcdatamodel */ = {isa = PBXFileReference; lastKnownFileType = wrapper.xcdatamodel; path = CoreDataTest2.xcdatamodel; sourceTree = "<group>"; };
		42B5D271175C5E460054ED41 /* MasterViewController.h */ = {isa = PBXFileReference; lastKnownFileType = sourcecode.c.h; path = MasterViewController.h; sourceTree = "<group>"; };
		42B5D272175C5E460054ED41 /* MasterViewController.m */ = {isa = PBXFileReference; lastKnownFileType = sourcecode.c.objc; path = MasterViewController.m; sourceTree = "<group>"; };
		42B5D274175C5E460054ED41 /* DetailViewController.h */ = {isa = PBXFileReference; lastKnownFileType = sourcecode.c.h; path = DetailViewController.h; sourceTree = "<group>"; };
		42B5D275175C5E460054ED41 /* DetailViewController.m */ = {isa = PBXFileReference; lastKnownFileType = sourcecode.c.objc; path = DetailViewController.m; sourceTree = "<group>"; };
/* End PBXFileReference section */

/* Begin PBXFrameworksBuildPhase section */
		42B5D248175C5E460054ED41 /* Frameworks */ = {
			isa = PBXFrameworksBuildPhase;
			buildActionMask = 2147483647;
			files = (
				42B5D24F175C5E460054ED41 /* UIKit.framework in Frameworks */,
				42B5D251175C5E460054ED41 /* Foundation.framework in Frameworks */,
				42B5D253175C5E460054ED41 /* CoreGraphics.framework in Frameworks */,
				42B5D255175C5E460054ED41 /* CoreData.framework in Frameworks */,
			);
			runOnlyForDeploymentPostprocessing = 0;
		};
/* End PBXFrameworksBuildPhase section */

/* Begin PBXGroup section */
		42B5D242175C5E460054ED41 = {
			isa = PBXGroup;
			children = (
				42B5D256175C5E460054ED41 /* CoreDataTest2 */,
				42B5D24D175C5E460054ED41 /* Frameworks */,
				42B5D24C175C5E460054ED41 /* Products */,
			);
			sourceTree = "<group>";
		};
		42B5D24C175C5E460054ED41 /* Products */ = {
			isa = PBXGroup;
			children = (
				42B5D24B175C5E460054ED41 /* CoreDataTest2.app */,
			);
			name = Products;
			sourceTree = "<group>";
		};
		42B5D24D175C5E460054ED41 /* Frameworks */ = {
			isa = PBXGroup;
			children = (
				42B5D24E175C5E460054ED41 /* UIKit.framework */,
				42B5D250175C5E460054ED41 /* Foundation.framework */,
				42B5D252175C5E460054ED41 /* CoreGraphics.framework */,
				42B5D254175C5E460054ED41 /* CoreData.framework */,
			);
			name = Frameworks;
			sourceTree = "<group>";
		};
		42B5D256175C5E460054ED41 /* CoreDataTest2 */ = {
			isa = PBXGroup;
			children = (
				42B5D25F175C5E460054ED41 /* AppDelegate.h */,
				42B5D260175C5E460054ED41 /* AppDelegate.m */,
				42B5D268175C5E460054ED41 /* MainStoryboard_iPhone.storyboard */,
				42B5D26B175C5E460054ED41 /* MainStoryboard_iPad.storyboard */,
				42B5D271175C5E460054ED41 /* MasterViewController.h */,
				42B5D272175C5E460054ED41 /* MasterViewController.m */,
				42B5D274175C5E460054ED41 /* DetailViewController.h */,
				42B5D275175C5E460054ED41 /* DetailViewController.m */,
				42B5D26E175C5E460054ED41 /* CoreDataTest2.xcdatamodeld */,
				42B5D257175C5E460054ED41 /* Supporting Files */,
			);
			path = CoreDataTest2;
			sourceTree = "<group>";
		};
		42B5D257175C5E460054ED41 /* Supporting Files */ = {
			isa = PBXGroup;
			children = (
				42B5D258175C5E460054ED41 /* CoreDataTest2-Info.plist */,
				42B5D259175C5E460054ED41 /* InfoPlist.strings */,
				42B5D25C175C5E460054ED41 /* main.m */,
				42B5D25E175C5E460054ED41 /* CoreDataTest2-Prefix.pch */,
				42B5D262175C5E460054ED41 /* Default.png */,
				42B5D264175C5E460054ED41 /* Default@2x.png */,
				42B5D266175C5E460054ED41 /* Default-568h@2x.png */,
			);
			name = "Supporting Files";
			sourceTree = "<group>";
		};
/* End PBXGroup section */

/* Begin PBXNativeTarget section */
		42B5D24A175C5E460054ED41 /* CoreDataTest2 */ = {
			isa = PBXNativeTarget;
			buildConfigurationList = 42B5D279175C5E460054ED41 /* Build configuration list for PBXNativeTarget "CoreDataTest2" */;
			buildPhases = (
				42B5D247175C5E460054ED41 /* Sources */,
				42B5D248175C5E460054ED41 /* Frameworks */,
				42B5D249175C5E460054ED41 /* Resources */,
			);
			buildRules = (
			);
			dependencies = (
			);
			name = CoreDataTest2;
			productName = CoreDataTest2;
			productReference = 42B5D24B175C5E460054ED41 /* CoreDataTest2.app */;
			productType = "com.apple.product-type.application";
		};
/* End PBXNativeTarget section */

/* Begin PBXProject section */
		42B5D243175C5E460054ED41 /* Project object */ = {
			isa = PBXProject;
			attributes = {
				LastUpgradeCheck = 0460;
				ORGANIZATIONNAME = com.katzlifehack;
			};
			buildConfigurationList = 42B5D246175C5E460054ED41 /* Build configuration list for PBXProject "CoreDataTest2" */;
			compatibilityVersion = "Xcode 3.2";
			developmentRegion = English;
			hasScannedForEncodings = 0;
			knownRegions = (
				en,
			);
			mainGroup = 42B5D242175C5E460054ED41;
			productRefGroup = 42B5D24C175C5E460054ED41 /* Products */;
			projectDirPath = "";
			projectRoot = "";
			targets = (
				42B5D24A175C5E460054ED41 /* CoreDataTest2 */,
			);
		};
/* End PBXProject section */

/* Begin PBXResourcesBuildPhase section */
		42B5D249175C5E460054ED41 /* Resources */ = {
			isa = PBXResourcesBuildPhase;
			buildActionMask = 2147483647;
			files = (
				42B5D25B175C5E460054ED41 /* InfoPlist.strings in Resources */,
				42B5D263175C5E460054ED41 /* Default.png in Resources */,
				42B5D265175C5E460054ED41 /* Default@2x.png in Resources */,
				42B5D267175C5E460054ED41 /* Default-568h@2x.png in Resources */,
				42B5D26A175C5E460054ED41 /* MainStoryboard_iPhone.storyboard in Resources */,
				42B5D26D175C5E460054ED41 /* MainStoryboard_iPad.storyboard in Resources */,
			);
			runOnlyForDeploymentPostprocessing = 0;
		};
/* End PBXResourcesBuildPhase section */

/* Begin PBXSourcesBuildPhase section */
		42B5D247175C5E460054ED41 /* Sources */ = {
			isa = PBXSourcesBuildPhase;
			buildActionMask = 2147483647;
			files = (
				42B5D25D175C5E460054ED41 /* main.m in Sources */,
				42B5D261175C5E460054ED41 /* AppDelegate.m in Sources */,
				42B5D270175C5E460054ED41 /* CoreDataTest2.xcdatamodeld in Sources */,
				42B5D273175C5E460054ED41 /* MasterViewController.m in Sources */,
				42B5D276175C5E460054ED41 /* DetailViewController.m in Sources */,
			);
			runOnlyForDeploymentPostprocessing = 0;
		};
/* End PBXSourcesBuildPhase section */

/* Begin PBXVariantGroup section */
		42B5D259175C5E460054ED41 /* InfoPlist.strings */ = {
			isa = PBXVariantGroup;
			children = (
				42B5D25A175C5E460054ED41 /* en */,
			);
			name = InfoPlist.strings;
			sourceTree = "<group>";
		};
		42B5D268175C5E460054ED41 /* MainStoryboard_iPhone.storyboard */ = {
			isa = PBXVariantGroup;
			children = (
				42B5D269175C5E460054ED41 /* en */,
			);
			name = MainStoryboard_iPhone.storyboard;
			sourceTree = "<group>";
		};
		42B5D26B175C5E460054ED41 /* MainStoryboard_iPad.storyboard */ = {
			isa = PBXVariantGroup;
			children = (
				42B5D26C175C5E460054ED41 /* en */,
			);
			name = MainStoryboard_iPad.storyboard;
			sourceTree = "<group>";
		};
/* End PBXVariantGroup section */

/* Begin XCBuildConfiguration section */
		42B5D277175C5E460054ED41 /* Debug */ = {
			isa = XCBuildConfiguration;
			buildSettings = {
				ALWAYS_SEARCH_USER_PATHS = NO;
				CLANG_CXX_LANGUAGE_STANDARD = "gnu++0x";
				CLANG_CXX_LIBRARY = "libc++";
				CLANG_ENABLE_OBJC_ARC = YES;
				CLANG_WARN_CONSTANT_CONVERSION = YES;
				CLANG_WARN_EMPTY_BODY = YES;
				CLANG_WARN_ENUM_CONVERSION = YES;
				CLANG_WARN_INT_CONVERSION = YES;
				CLANG_WARN__DUPLICATE_METHOD_MATCH = YES;
				"CODE_SIGN_IDENTITY[sdk=iphoneos*]" = "iPhone Developer";
				COPY_PHASE_STRIP = NO;
				GCC_C_LANGUAGE_STANDARD = gnu99;
				GCC_DYNAMIC_NO_PIC = NO;
				GCC_OPTIMIZATION_LEVEL = 0;
				GCC_PREPROCESSOR_DEFINITIONS = (
					"DEBUG=1",
					"$(inherited)",
				);
				GCC_SYMBOLS_PRIVATE_EXTERN = NO;
				GCC_WARN_ABOUT_RETURN_TYPE = YES;
				GCC_WARN_UNINITIALIZED_AUTOS = YES;
				GCC_WARN_UNUSED_VARIABLE = YES;
				IPHONEOS_DEPLOYMENT_TARGET = 6.1;
				ONLY_ACTIVE_ARCH = YES;
				SDKROOT = iphoneos;
				TARGETED_DEVICE_FAMILY = "1,2";
			};
			name = Debug;
		};
		42B5D278175C5E460054ED41 /* Release */ = {
			isa = XCBuildConfiguration;
			buildSettings = {
				ALWAYS_SEARCH_USER_PATHS = NO;
				CLANG_CXX_LANGUAGE_STANDARD = "gnu++0x";
				CLANG_CXX_LIBRARY = "libc++";
				CLANG_ENABLE_OBJC_ARC = YES;
				CLANG_WARN_CONSTANT_CONVERSION = YES;
				CLANG_WARN_EMPTY_BODY = YES;
				CLANG_WARN_ENUM_CONVERSION = YES;
				CLANG_WARN_INT_CONVERSION = YES;
				CLANG_WARN__DUPLICATE_METHOD_MATCH = YES;
				"CODE_SIGN_IDENTITY[sdk=iphoneos*]" = "iPhone Developer";
				COPY_PHASE_STRIP = YES;
				GCC_C_LANGUAGE_STANDARD = gnu99;
				GCC_WARN_ABOUT_RETURN_TYPE = YES;
				GCC_WARN_UNINITIALIZED_AUTOS = YES;
				GCC_WARN_UNUSED_VARIABLE = YES;
				IPHONEOS_DEPLOYMENT_TARGET = 6.1;
				OTHER_CFLAGS = "-DNS_BLOCK_ASSERTIONS=1";
				SDKROOT = iphoneos;
				TARGETED_DEVICE_FAMILY = "1,2";
				VALIDATE_PRODUCT = YES;
			};
			name = Release;
		};
		42B5D27A175C5E460054ED41 /* Debug */ = {
			isa = XCBuildConfiguration;
			buildSettings = {
				GCC_PRECOMPILE_PREFIX_HEADER = YES;
				GCC_PREFIX_HEADER = "CoreDataTest2/CoreDataTest2-Prefix.pch";
				INFOPLIST_FILE = "CoreDataTest2/CoreDataTest2-Info.plist";
				PRODUCT_NAME = "$(TARGET_NAME)";
				WRAPPER_EXTENSION = app;
			};
			name = Debug;
		};
		42B5D27B175C5E460054ED41 /* Release */ = {
			isa = XCBuildConfiguration;
			buildSettings = {
				GCC_PRECOMPILE_PREFIX_HEADER = YES;
				GCC_PREFIX_HEADER = "CoreDataTest2/CoreDataTest2-Prefix.pch";
				INFOPLIST_FILE = "CoreDataTest2/CoreDataTest2-Info.plist";
				PRODUCT_NAME = "$(TARGET_NAME)";
				WRAPPER_EXTENSION = app;
			};
			name = Release;
		};
/* End XCBuildConfiguration section */

/* Begin XCConfigurationList section */
		42B5D246175C5E460054ED41 /* Build configuration list for PBXProject "CoreDataTest2" */ = {
			isa = XCConfigurationList;
			buildConfigurations = (
				42B5D277175C5E460054ED41 /* Debug */,
				42B5D278175C5E460054ED41 /* Release */,
			);
			defaultConfigurationIsVisible = 0;
			defaultConfigurationName = Release;
		};
		42B5D279175C5E460054ED41 /* Build configuration list for PBXNativeTarget "CoreDataTest2" */ = {
			isa = XCConfigurationList;
			buildConfigurations = (
				42B5D27A175C5E460054ED41 /* Debug */,
				42B5D27B175C5E460054ED41 /* Release */,
			);
			defaultConfigurationIsVisible = 0;
		};
/* End XCConfigurationList section */

/* Begin XCVersionGroup section */
		42B5D26E175C5E460054ED41 /* CoreDataTest2.xcdatamodeld */ = {
			isa = XCVersionGroup;
			children = (
				42B5D26F175C5E460054ED41 /* CoreDataTest2.xcdatamodel */,
			);
			currentVersion = 42B5D26F175C5E460054ED41 /* CoreDataTest2.xcdatamodel */;
			path = CoreDataTest2.xcdatamodeld;
			sourceTree = "<group>";
			versionGroupType = wrapper.xcdatamodel;
		};
/* End XCVersionGroup section */
	};
	rootObject = 42B5D243175C5E460054ED41 /* Project object */;
}
